
Microsoft Visual Studio Solution File, Format Version 12.00
# Visual Studio Version 17
VisualStudioVersion = 17.4.33205.214
MinimumVisualStudioVersion = 10.0.40219.1
Project("{9A19103F-16F7-4668-BE54-9A1E7A4F7556}") = "BestStoreApi", "BestStoreApi\BestStoreApi.csproj", "{5B33D635-0718-435A-B3D4-DD70BD4CCA25}"
EndProject
Global
	GlobalSection(SolutionConfigurationPlatforms) = preSolution
		Debug|Any CPU = Debug|Any CPU
		Release|Any CPU = Release|Any CPU
	EndGlobalSection
	GlobalSection(ProjectConfigurationPlatforms) = postSolution
		{5B33D635-0718-435A-B3D4-DD70BD4CCA25}.Debug|Any CPU.ActiveCfg = Debug|Any CPU
		{5B33D635-0718-435A-B3D4-DD70BD4CCA25}.Debug|Any CPU.Build.0 = Debug|Any CPU
		{5B33D635-0718-435A-B3D4-DD70BD4CCA25}.Release|Any CPU.ActiveCfg = Release|Any CPU
		{5B33D635-0718-435A-B3D4-DD70BD4CCA25}.Release|Any CPU.Build.0 = Release|Any CPU
	EndGlobalSection
	GlobalSection(SolutionProperties) = preSolution
		HideSolutionNode = FALSE
	EndGlobalSection
	GlobalSection(ExtensibilityGlobals) = postSolution
		SolutionGuid = {45770437-2FF6-41E8-AE34-97ABAC670796}
	EndGlobalSection
EndGlobal
